// !$*UTF8*$!
{
	archiveVersion = 1;
	classes = {
	};
	objectVersion = 48;
	objects = {

/* Begin PBXBuildFile section */
		CE33F2181FA154C300F1423E /* AppDelegate.m in Sources */ = {isa = PBXBuildFile; fileRef = CE33F2171FA154C300F1423E /* AppDelegate.m */; };
		CE33F21B1FA154C300F1423E /* ViewController.m in Sources */ = {isa = PBXBuildFile; fileRef = CE33F21A1FA154C300F1423E /* ViewController.m */; };
		CE33F21E1FA154C300F1423E /* Main.storyboard in Resources */ = {isa = PBXBuildFile; fileRef = CE33F21C1FA154C300F1423E /* Main.storyboard */; };
		CE33F2201FA154C300F1423E /* Assets.xcassets in Resources */ = {isa = PBXBuildFile; fileRef = CE33F21F1FA154C300F1423E /* Assets.xcassets */; };
		CE33F2231FA154C300F1423E /* LaunchScreen.storyboard in Resources */ = {isa = PBXBuildFile; fileRef = CE33F2211FA154C300F1423E /* LaunchScreen.storyboard */; };
		CE33F2261FA154C300F1423E /* main.m in Sources */ = {isa = PBXBuildFile; fileRef = CE33F2251FA154C300F1423E /* main.m */; };
		CE33F22E1FA154E000F1423E /* UserData.m in Sources */ = {isa = PBXBuildFile; fileRef = CE33F22D1FA154E000F1423E /* UserData.m */; };
		CE33F2311FA15C0200F1423E /* DisplayViewController.m in Sources */ = {isa = PBXBuildFile; fileRef = CE33F2301FA15C0200F1423E /* DisplayViewController.m */; };
/* End PBXBuildFile section */

/* Begin PBXFileReference section */
		CE33F2131FA154C300F1423E /* ICW-User.app */ = {isa = PBXFileReference; explicitFileType = wrapper.application; includeInIndex = 0; path = "ICW-User.app"; sourceTree = BUILT_PRODUCTS_DIR; };
		CE33F2161FA154C300F1423E /* AppDelegate.h */ = {isa = PBXFileReference; lastKnownFileType = sourcecode.c.h; path = AppDelegate.h; sourceTree = "<group>"; };
		CE33F2171FA154C300F1423E /* AppDelegate.m */ = {isa = PBXFileReference; lastKnownFileType = sourcecode.c.objc; path = AppDelegate.m; sourceTree = "<group>"; };
		CE33F2191FA154C300F1423E /* ViewController.h */ = {isa = PBXFileReference; lastKnownFileType = sourcecode.c.h; path = ViewController.h; sourceTree = "<group>"; };
		CE33F21A1FA154C300F1423E /* ViewController.m */ = {isa = PBXFileReference; lastKnownFileType = sourcecode.c.objc; path = ViewController.m; sourceTree = "<group>"; };
		CE33F21D1FA154C300F1423E /* Base */ = {isa = PBXFileReference; lastKnownFileType = file.storyboard; name = Base; path = Base.lproj/Main.storyboard; sourceTree = "<group>"; };
		CE33F21F1FA154C300F1423E /* Assets.xcassets */ = {isa = PBXFileReference; lastKnownFileType = folder.assetcatalog; path = Assets.xcassets; sourceTree = "<group>"; };
		CE33F2221FA154C300F1423E /* Base */ = {isa = PBXFileReference; lastKnownFileType = file.storyboard; name = Base; path = Base.lproj/LaunchScreen.storyboard; sourceTree = "<group>"; };
		CE33F2241FA154C300F1423E /* Info.plist */ = {isa = PBXFileReference; lastKnownFileType = text.plist.xml; path = Info.plist; sourceTree = "<group>"; };
		CE33F2251FA154C300F1423E /* main.m */ = {isa = PBXFileReference; lastKnownFileType = sourcecode.c.objc; path = main.m; sourceTree = "<group>"; };
		CE33F22C1FA154E000F1423E /* UserData.h */ = {isa = PBXFileReference; lastKnownFileType = sourcecode.c.h; path = UserData.h; sourceTree = "<group>"; };
		CE33F22D1FA154E000F1423E /* UserData.m */ = {isa = PBXFileReference; lastKnownFileType = sourcecode.c.objc; path = UserData.m; sourceTree = "<group>"; };
		CE33F22F1FA15C0200F1423E /* DisplayViewController.h */ = {isa = PBXFileReference; lastKnownFileType = sourcecode.c.h; path = DisplayViewController.h; sourceTree = "<group>"; };
		CE33F2301FA15C0200F1423E /* DisplayViewController.m */ = {isa = PBXFileReference; lastKnownFileType = sourcecode.c.objc; path = DisplayViewController.m; sourceTree = "<group>"; };
/* End PBXFileReference section */

/* Begin PBXFrameworksBuildPhase section */
		CE33F2101FA154C300F1423E /* Frameworks */ = {
			isa = PBXFrameworksBuildPhase;
			buildActionMask = 2147483647;
			files = (
			);
			runOnlyForDeploymentPostprocessing = 0;
		};
/* End PBXFrameworksBuildPhase section */

/* Begin PBXGroup section */
		CE33F20A1FA154C300F1423E = {
			isa = PBXGroup;
			children = (
				CE33F2151FA154C300F1423E /* ICW-User */,
				CE33F2141FA154C300F1423E /* Products */,
			);
			sourceTree = "<group>";
		};
		CE33F2141FA154C300F1423E /* Products */ = {
			isa = PBXGroup;
			children = (
				CE33F2131FA154C300F1423E /* ICW-User.app */,
			);
			name = Products;
			sourceTree = "<group>";
		};
		CE33F2151FA154C300F1423E /* ICW-User */ = {
			isa = PBXGroup;
			children = (
				CE33F2161FA154C300F1423E /* AppDelegate.h */,
				CE33F2171FA154C300F1423E /* AppDelegate.m */,
				CE33F2191FA154C300F1423E /* ViewController.h */,
				CE33F21A1FA154C300F1423E /* ViewController.m */,
				CE33F22F1FA15C0200F1423E /* DisplayViewController.h */,
				CE33F2301FA15C0200F1423E /* DisplayViewController.m */,
				CE33F21C1FA154C300F1423E /* Main.storyboard */,
				CE33F21F1FA154C300F1423E /* Assets.xcassets */,
				CE33F2211FA154C300F1423E /* LaunchScreen.storyboard */,
				CE33F2241FA154C300F1423E /* Info.plist */,
				CE33F2251FA154C300F1423E /* main.m */,
				CE33F22C1FA154E000F1423E /* UserData.h */,
				CE33F22D1FA154E000F1423E /* UserData.m */,
			);
			path = "ICW-User";
			sourceTree = "<group>";
		};
/* End PBXGroup section */

/* Begin PBXNativeTarget section */
		CE33F2121FA154C300F1423E /* ICW-User */ = {
			isa = PBXNativeTarget;
			buildConfigurationList = CE33F2291FA154C300F1423E /* Build configuration list for PBXNativeTarget "ICW-User" */;
			buildPhases = (
				CE33F20F1FA154C300F1423E /* Sources */,
				CE33F2101FA154C300F1423E /* Frameworks */,
				CE33F2111FA154C300F1423E /* Resources */,
			);
			buildRules = (
			);
			dependencies = (
			);
			name = "ICW-User";
			productName = "ICW-User";
			productReference = CE33F2131FA154C300F1423E /* ICW-User.app */;
			productType = "com.apple.product-type.application";
		};
/* End PBXNativeTarget section */

/* Begin PBXProject section */
		CE33F20B1FA154C300F1423E /* Project object */ = {
			isa = PBXProject;
			attributes = {
				LastUpgradeCheck = 0900;
				ORGANIZATIONNAME = user;
				TargetAttributes = {
					CE33F2121FA154C300F1423E = {
						CreatedOnToolsVersion = 9.0.1;
						ProvisioningStyle = Automatic;
					};
				};
			};
			buildConfigurationList = CE33F20E1FA154C300F1423E /* Build configuration list for PBXProject "ICW-User" */;
			compatibilityVersion = "Xcode 8.0";
			developmentRegion = en;
			hasScannedForEncodings = 0;
			knownRegions = (
				en,
				Base,
			);
			mainGroup = CE33F20A1FA154C300F1423E;
			productRefGroup = CE33F2141FA154C300F1423E /* Products */;
			projectDirPath = "";
			projectRoot = "";
			targets = (
				CE33F2121FA154C300F1423E /* ICW-User */,
			);
		};
/* End PBXProject section */

/* Begin PBXResourcesBuildPhase section */
		CE33F2111FA154C300F1423E /* Resources */ = {
			isa = PBXResourcesBuildPhase;
			buildActionMask = 2147483647;
			files = (
				CE33F2231FA154C300F1423E /* LaunchScreen.storyboard in Resources */,
				CE33F2201FA154C300F1423E /* Assets.xcassets in Resources */,
				CE33F21E1FA154C300F1423E /* Main.storyboard in Resources */,
			);
			runOnlyForDeploymentPostprocessing = 0;
		};
/* End PBXResourcesBuildPhase section */

/* Begin PBXSourcesBuildPhase section */
		CE33F20F1FA154C300F1423E /* Sources */ = {
			isa = PBXSourcesBuildPhase;
			buildActionMask = 2147483647;
			files = (
				CE33F2311FA15C0200F1423E /* DisplayViewController.m in Sources */,
				CE33F21B1FA154C300F1423E /* ViewController.m in Sources */,
				CE33F2261FA154C300F1423E /* main.m in Sources */,
				CE33F22E1FA154E000F1423E /* UserData.m in Sources */,
				CE33F2181FA154C300F1423E /* AppDelegate.m in Sources */,
			);
			runOnlyForDeploymentPostprocessing = 0;
		};
/* End PBXSourcesBuildPhase section */

/* Begin PBXVariantGroup section */
		CE33F21C1FA154C300F1423E /* Main.storyboard */ = {
			isa = PBXVariantGroup;
			children = (
				CE33F21D1FA154C300F1423E /* Base */,
			);
			name = Main.storyboard;
			sourceTree = "<group>";
		};
		CE33F2211FA154C300F1423E /* LaunchScreen.storyboard */ = {
			isa = PBXVariantGroup;
			children = (
				CE33F2221FA154C300F1423E /* Base */,
			);
			name = LaunchScreen.storyboard;
			sourceTree = "<group>";
		};
/* End PBXVariantGroup section */

/* Begin XCBuildConfiguration section */
		CE33F2271FA154C300F1423E /* Debug */ = {
			isa = XCBuildConfiguration;
			buildSettings = {
				ALWAYS_SEARCH_USER_PATHS = NO;
				CLANG_ANALYZER_NONNULL = YES;
				CLANG_ANALYZER_NUMBER_OBJECT_CONVERSION = YES_AGGRESSIVE;
				CLANG_CXX_LANGUAGE_STANDARD = "gnu++14";
				CLANG_CXX_LIBRARY = "libc++";
				CLANG_ENABLE_MODULES = YES;
				CLANG_ENABLE_OBJC_ARC = YES;
				CLANG_WARN_BLOCK_CAPTURE_AUTORELEASING = YES;
				CLANG_WARN_BOOL_CONVERSION = YES;
				CLANG_WARN_COMMA = YES;
				CLANG_WARN_CONSTANT_CONVERSION = YES;
				CLANG_WARN_DIRECT_OBJC_ISA_USAGE = YES_ERROR;
				CLANG_WARN_DOCUMENTATION_COMMENTS = YES;
				CLANG_WARN_EMPTY_BODY = YES;
				CLANG_WARN_ENUM_CONVERSION = YES;
				CLANG_WARN_INFINITE_RECURSION = YES;
				CLANG_WARN_INT_CONVERSION = YES;
				CLANG_WARN_NON_LITERAL_NULL_CONVERSION = YES;
				CLANG_WARN_OBJC_LITERAL_CONVERSION = YES;
				CLANG_WARN_OBJC_ROOT_CLASS = YES_ERROR;
				CLANG_WARN_RANGE_LOOP_ANALYSIS = YES;
				CLANG_WARN_STRICT_PROTOTYPES = YES;
				CLANG_WARN_SUSPICIOUS_MOVE = YES;
				CLANG_WARN_UNGUARDED_AVAILABILITY = YES_AGGRESSIVE;
				CLANG_WARN_UNREACHABLE_CODE = YES;
				CLANG_WARN__DUPLICATE_METHOD_MATCH = YES;
				CODE_SIGN_IDENTITY = "iPhone Developer";
				COPY_PHASE_STRIP = NO;
				DEBUG_INFORMATION_FORMAT = dwarf;
				ENABLE_STRICT_OBJC_MSGSEND = YES;
				ENABLE_TESTABILITY = YES;
				GCC_C_LANGUAGE_STANDARD = gnu11;
				GCC_DYNAMIC_NO_PIC = NO;
				GCC_NO_COMMON_BLOCKS = YES;
				GCC_OPTIMIZATION_LEVEL = 0;
				GCC_PREPROCESSOR_DEFINITIONS = (
					"DEBUG=1",
					"$(inherited)",
				);
				GCC_WARN_64_TO_32_BIT_CONVERSION = YES;
				GCC_WARN_ABOUT_RETURN_TYPE = YES_ERROR;
				GCC_WARN_UNDECLARED_SELECTOR = YES;
				GCC_WARN_UNINITIALIZED_AUTOS = YES_AGGRESSIVE;
				GCC_WARN_UNUSED_FUNCTION = YES;
				GCC_WARN_UNUSED_VARIABLE = YES;
				IPHONEOS_DEPLOYMENT_TARGET = 11.0;
				MTL_ENABLE_DEBUG_INFO = YES;
				ONLY_ACTIVE_ARCH = YES;
				SDKROOT = iphoneos;
			};
			name = Debug;
		};
		CE33F2281FA154C300F1423E /* Release */ = {
			isa = XCBuildConfiguration;
			buildSettings = {
				ALWAYS_SEARCH_USER_PATHS = NO;
				CLANG_ANALYZER_NONNULL = YES;
				CLANG_ANALYZER_NUMBER_OBJECT_CONVERSION = YES_AGGRESSIVE;
				CLANG_CXX_LANGUAGE_STANDARD = "gnu++14";
				CLANG_CXX_LIBRARY = "libc++";
				CLANG_ENABLE_MODULES = YES;
				CLANG_ENABLE_OBJC_ARC = YES;
				CLANG_WARN_BLOCK_CAPTURE_AUTORELEASING = YES;
				CLANG_WARN_BOOL_CONVERSION = YES;
				CLANG_WARN_COMMA = YES;
				CLANG_WARN_CONSTANT_CONVERSION = YES;
				CLANG_WARN_DIRECT_OBJC_ISA_USAGE = YES_ERROR;
				CLANG_WARN_DOCUMENTATION_COMMENTS = YES;
				CLANG_WARN_EMPTY_BODY = YES;
				CLANG_WARN_ENUM_CONVERSION = YES;
				CLANG_WARN_INFINITE_RECURSION = YES;
				CLANG_WARN_INT_CONVERSION = YES;
				CLANG_WARN_NON_LITERAL_NULL_CONVERSION = YES;
				CLANG_WARN_OBJC_LITERAL_CONVERSION = YES;
				CLANG_WARN_OBJC_ROOT_CLASS = YES_ERROR;
				CLANG_WARN_RANGE_LOOP_ANALYSIS = YES;
				CLANG_WARN_STRICT_PROTOTYPES = YES;
				CLANG_WARN_SUSPICIOUS_MOVE = YES;
				CLANG_WARN_UNGUARDED_AVAILABILITY = YES_AGGRESSIVE;
				CLANG_WARN_UNREACHABLE_CODE = YES;
				CLANG_WARN__DUPLICATE_METHOD_MATCH = YES;
				CODE_SIGN_IDENTITY = "iPhone Developer";
				COPY_PHASE_STRIP = NO;
				DEBUG_INFORMATION_FORMAT = "dwarf-with-dsym";
				ENABLE_NS_ASSERTIONS = NO;
				ENABLE_STRICT_OBJC_MSGSEND = YES;
				GCC_C_LANGUAGE_STANDARD = gnu11;
				GCC_NO_COMMON_BLOCKS = YES;
				GCC_WARN_64_TO_32_BIT_CONVERSION = YES;
				GCC_WARN_ABOUT_RETURN_TYPE = YES_ERROR;
				GCC_WARN_UNDECLARED_SELECTOR = YES;
				GCC_WARN_UNINITIALIZED_AUTOS = YES_AGGRESSIVE;
				GCC_WARN_UNUSED_FUNCTION = YES;
				GCC_WARN_UNUSED_VARIABLE = YES;
				IPHONEOS_DEPLOYMENT_TARGET = 11.0;
				MTL_ENABLE_DEBUG_INFO = NO;
				SDKROOT = iphoneos;
				VALIDATE_PRODUCT = YES;
			};
			name = Release;
		};
		CE33F22A1FA154C300F1423E /* Debug */ = {
			isa = XCBuildConfiguration;
			buildSettings = {
				ASSETCATALOG_COMPILER_APPICON_NAME = AppIcon;
				CODE_SIGN_STYLE = Automatic;
				INFOPLIST_FILE = "ICW-User/Info.plist";
				LD_RUNPATH_SEARCH_PATHS = "$(inherited) @executable_path/Frameworks";
				PRODUCT_BUNDLE_IDENTIFIER = "edu.mdc.cop2654.ICW-User";
				PRODUCT_NAME = "$(TARGET_NAME)";
				TARGETED_DEVICE_FAMILY = "1,2";
			};
			name = Debug;
		};
		CE33F22B1FA154C300F1423E /* Release */ = {
			isa = XCBuildConfiguration;
			buildSettings = {
				ASSETCATALOG_COMPILER_APPICON_NAME = AppIcon;
				CODE_SIGN_STYLE = Automatic;
				INFOPLIST_FILE = "ICW-User/Info.plist";
				LD_RUNPATH_SEARCH_PATHS = "$(inherited) @executable_path/Frameworks";
				PRODUCT_BUNDLE_IDENTIFIER = "edu.mdc.cop2654.ICW-User";
				PRODUCT_NAME = "$(TARGET_NAME)";
				TARGETED_DEVICE_FAMILY = "1,2";
			};
			name = Release;
		};
/* End XCBuildConfiguration section */

/* Begin XCConfigurationList section */
		CE33F20E1FA154C300F1423E /* Build configuration list for PBXProject "ICW-User" */ = {
			isa = XCConfigurationList;
			buildConfigurations = (
				CE33F2271FA154C300F1423E /* Debug */,
				CE33F2281FA154C300F1423E /* Release */,
			);
			defaultConfigurationIsVisible = 0;
			defaultConfigurationName = Release;
		};
		CE33F2291FA154C300F1423E /* Build configuration list for PBXNativeTarget "ICW-User" */ = {
			isa = XCConfigurationList;
			buildConfigurations = (
				CE33F22A1FA154C300F1423E /* Debug */,
				CE33F22B1FA154C300F1423E /* Release */,
			);
			defaultConfigurationIsVisible = 0;
			defaultConfigurationName = Release;
		};
/* End XCConfigurationList section */
	};
	rootObject = CE33F20B1FA154C300F1423E /* Project object */;
}
